{
  "lockfile_version": "1",
  "packages": {
    "alejandra@latest": {
      "last_modified": "2024-05-10T13:10:33Z",
      "resolved": "github:NixOS/nixpkgs/d42c1c8d447a388e1f2776d22c77f5642d703da6#alejandra",
      "source": "devbox-search",
      "version": "3.0.0",
      "systems": {
        "aarch64-darwin": {
          "outputs": [
            {
              "name": "out",
              "path": "/nix/store/2bcz6j1982c5cp6xib20lx66vpalx3cz-alejandra-3.0.0",
              "default": true
            }
          ],
          "store_path": "/nix/store/2bcz6j1982c5cp6xib20lx66vpalx3cz-alejandra-3.0.0"
        },
        "aarch64-linux": {
          "outputs": [
            {
              "name": "out",
              "path": "/nix/store/xn7nmxqb2l0hhdk2q1sdi6g3yj6gr0yv-alejandra-3.0.0",
              "default": true
            }
          ],
          "store_path": "/nix/store/xn7nmxqb2l0hhdk2q1sdi6g3yj6gr0yv-alejandra-3.0.0"
        },
        "x86_64-darwin": {
          "outputs": [
            {
              "name": "out",
              "path": "/nix/store/bm7ircm8va1i1xqa9cz3cwwigdhz1vnq-alejandra-3.0.0",
              "default": true
            }
          ],
          "store_path": "/nix/store/bm7ircm8va1i1xqa9cz3cwwigdhz1vnq-alejandra-3.0.0"
        },
        "x86_64-linux": {
          "outputs": [
            {
              "name": "out",
              "path": "/nix/store/vyarc4snmsx4sba72j36d2c8zkvn0m39-alejandra-3.0.0",
              "default": true
            }
          ],
          "store_path": "/nix/store/vyarc4snmsx4sba72j36d2c8zkvn0m39-alejandra-3.0.0"
        }
      }
    },
    "bun@latest": {
      "last_modified": "2024-05-06T15:07:38Z",
      "resolved": "github:NixOS/nixpkgs/860e65d27036476edfb85dd847d982277880b143#bun",
      "source": "devbox-search",
      "version": "1.1.7",
      "systems": {
        "aarch64-darwin": {
          "outputs": [
            {
              "name": "out",
              "path": "/nix/store/vfpigpzi2jdkz8p03s0vs3p9pymr9c6v-bun-1.1.7",
              "default": true
            }
          ],
          "store_path": "/nix/store/vfpigpzi2jdkz8p03s0vs3p9pymr9c6v-bun-1.1.7"
        },
        "aarch64-linux": {
          "outputs": [
            {
              "name": "out",
              "path": "/nix/store/z0jyl5rcc2cx64irbk251m4h40yxrzlk-bun-1.1.7",
              "default": true
            }
          ],
          "store_path": "/nix/store/z0jyl5rcc2cx64irbk251m4h40yxrzlk-bun-1.1.7"
        },
        "x86_64-darwin": {
          "outputs": [
            {
              "name": "out",
              "path": "/nix/store/65q182wjybwnwlsb2shn1vba0zi8zy08-bun-1.1.7",
              "default": true
            }
          ],
          "store_path": "/nix/store/65q182wjybwnwlsb2shn1vba0zi8zy08-bun-1.1.7"
        },
        "x86_64-linux": {
          "outputs": [
            {
              "name": "out",
              "path": "/nix/store/5j5q992jln9izqwbmgcnfvfadi55w385-bun-1.1.7",
              "default": true
            }
          ],
          "store_path": "/nix/store/5j5q992jln9izqwbmgcnfvfadi55w385-bun-1.1.7"
        }
      }
    },
    "deno@latest": {
      "last_modified": "2024-05-06T06:27:37Z",
      "resolved": "github:NixOS/nixpkgs/dd1290b0f857782a60b251f89651c831cd3eef9d#deno",
      "source": "devbox-search",
      "version": "1.43.1",
      "systems": {
        "aarch64-darwin": {
          "outputs": [
            {
              "name": "out",
              "path": "/nix/store/kc5aglf91zj78jw4837nazlgr6ys33cp-deno-1.43.1",
              "default": true
            }
          ],
          "store_path": "/nix/store/kc5aglf91zj78jw4837nazlgr6ys33cp-deno-1.43.1"
        },
        "aarch64-linux": {
          "outputs": [
            {
              "name": "out",
              "path": "/nix/store/c0bg2vwn4mlx0dvaysl67rn5yf73hi40-deno-1.43.1",
              "default": true
            }
          ],
          "store_path": "/nix/store/c0bg2vwn4mlx0dvaysl67rn5yf73hi40-deno-1.43.1"
        },
        "x86_64-darwin": {
          "outputs": [
            {
              "name": "out",
              "path": "/nix/store/jzhp7f068y0ph8vyhrwvy86y4lfh969s-deno-1.43.1",
              "default": true
            }
          ],
          "store_path": "/nix/store/jzhp7f068y0ph8vyhrwvy86y4lfh969s-deno-1.43.1"
        },
        "x86_64-linux": {
          "outputs": [
            {
              "name": "out",
              "path": "/nix/store/vvq3r8xjg85892anwj74n154ail9bfs6-deno-1.43.1",
              "default": true
            }
          ],
          "store_path": "/nix/store/vvq3r8xjg85892anwj74n154ail9bfs6-deno-1.43.1"
        }
      }
    },
    "fish@latest": {
      "last_modified": "2024-05-01T20:12:28Z",
      "resolved": "github:NixOS/nixpkgs/1c74cc292b61614e74c1cf0d372f79d57fb4936b#fish",
      "source": "devbox-search",
      "version": "3.7.1",
      "systems": {
        "aarch64-darwin": {
          "outputs": [
            {
              "name": "out",
              "path": "/nix/store/d627bqfmjx78072dm5mrrfc4l6p040dk-fish-3.7.1",
              "default": true
            },
            {
              "name": "doc",
              "path": "/nix/store/c40yvxvx41wgsqiv7bikdpak3qq12y68-fish-3.7.1-doc"
            }
          ],
          "store_path": "/nix/store/d627bqfmjx78072dm5mrrfc4l6p040dk-fish-3.7.1"
        },
        "aarch64-linux": {
          "outputs": [
            {
              "name": "out",
              "path": "/nix/store/scjwifxrif79w02fgx7mci3bwkcirb32-fish-3.7.1",
              "default": true
            },
            {
              "name": "doc",
              "path": "/nix/store/v5zdbwih74j9ybi42j657hivpkidicna-fish-3.7.1-doc"
            }
          ],
          "store_path": "/nix/store/scjwifxrif79w02fgx7mci3bwkcirb32-fish-3.7.1"
        },
        "x86_64-darwin": {
          "outputs": [
            {
              "name": "out",
              "path": "/nix/store/xc3j39fqsfaxjbjqq9kwv96n9b8sjpms-fish-3.7.1",
              "default": true
            },
            {
              "name": "doc",
              "path": "/nix/store/3xj8z2hj2p5zpp0isw7bnjfhdal204vr-fish-3.7.1-doc"
            }
          ],
          "store_path": "/nix/store/xc3j39fqsfaxjbjqq9kwv96n9b8sjpms-fish-3.7.1"
        },
        "x86_64-linux": {
          "outputs": [
            {
              "name": "out",
              "path": "/nix/store/l4yds7aqk64bmbmvgjwa8csp5f7k6vcb-fish-3.7.1",
              "default": true
            },
            {
              "name": "doc",
              "path": "/nix/store/k5bp4y9c4lwdx7hnhyywh6khr5999376-fish-3.7.1-doc"
            }
          ],
          "store_path": "/nix/store/l4yds7aqk64bmbmvgjwa8csp5f7k6vcb-fish-3.7.1"
        }
      }
    },
    "go-task@latest": {
      "last_modified": "2024-05-12T07:38:52Z",
      "resolved": "github:NixOS/nixpkgs/af8b9db5c00f1a8e4b83578acc578ff7d823b786#go-task",
      "source": "devbox-search",
      "version": "3.37.0",
      "systems": {
        "aarch64-darwin": {
          "outputs": [
            {
              "name": "out",
              "path": "/nix/store/dikl38dxzlywsf13pn4x0z5as83pl40l-go-task-3.37.0",
              "default": true
            }
          ],
          "store_path": "/nix/store/dikl38dxzlywsf13pn4x0z5as83pl40l-go-task-3.37.0"
        },
        "aarch64-linux": {
          "outputs": [
            {
              "name": "out",
              "path": "/nix/store/f32cl3rkmlnzd3gq7fjl6fi1xpzng72k-go-task-3.37.0",
              "default": true
            }
          ],
          "store_path": "/nix/store/f32cl3rkmlnzd3gq7fjl6fi1xpzng72k-go-task-3.37.0"
        },
        "x86_64-darwin": {
          "outputs": [
            {
              "name": "out",
              "path": "/nix/store/6j20q4b4jrghy6sqfvqwil3v12rgiwrw-go-task-3.37.0",
              "default": true
            }
          ],
          "store_path": "/nix/store/6j20q4b4jrghy6sqfvqwil3v12rgiwrw-go-task-3.37.0"
        },
        "x86_64-linux": {
          "outputs": [
            {
              "name": "out",
              "path": "/nix/store/nlrggfnqlbvjgq9ql3pbyy2j10gbakqj-go-task-3.37.0",
              "default": true
            }
          ],
          "store_path": "/nix/store/nlrggfnqlbvjgq9ql3pbyy2j10gbakqj-go-task-3.37.0"
        }
      }
    },
    "k3d@latest": {
      "last_modified": "2024-05-03T15:42:32Z",
      "resolved": "github:NixOS/nixpkgs/5fd8536a9a5932d4ae8de52b7dc08d92041237fc#k3d",
      "source": "devbox-search",
      "version": "5.6.0",
      "systems": {
        "aarch64-darwin": {
          "outputs": [
            {
              "name": "out",
              "path": "/nix/store/46bsv65xdmv52sxixlri56wy235h3jcq-k3d-5.6.0",
              "default": true
            }
          ],
          "store_path": "/nix/store/46bsv65xdmv52sxixlri56wy235h3jcq-k3d-5.6.0"
        },
        "aarch64-linux": {
          "outputs": [
            {
              "name": "out",
              "path": "/nix/store/kfkl3mdbz5773d3ic9y98bwg0axq5npd-k3d-5.6.0",
              "default": true
            }
          ],
          "store_path": "/nix/store/kfkl3mdbz5773d3ic9y98bwg0axq5npd-k3d-5.6.0"
        },
        "x86_64-darwin": {
          "outputs": [
            {
              "name": "out",
              "path": "/nix/store/z1w8v4b1l4h38ysnwghfx9wxj2g6wglz-k3d-5.6.0",
              "default": true
            }
          ],
          "store_path": "/nix/store/z1w8v4b1l4h38ysnwghfx9wxj2g6wglz-k3d-5.6.0"
        },
        "x86_64-linux": {
          "outputs": [
            {
              "name": "out",
              "path": "/nix/store/3w9kr7h07g51x0j1iq7acsnbsi332m9f-k3d-5.6.0",
              "default": true
            }
          ],
          "store_path": "/nix/store/3w9kr7h07g51x0j1iq7acsnbsi332m9f-k3d-5.6.0"
        }
      }
    },
    "kubectl@latest": {
      "last_modified": "2024-05-01T20:12:28Z",
      "resolved": "github:NixOS/nixpkgs/1c74cc292b61614e74c1cf0d372f79d57fb4936b#kubectl",
      "source": "devbox-search",
      "version": "1.30.0",
      "systems": {
        "aarch64-darwin": {
          "outputs": [
            {
              "name": "out",
              "path": "/nix/store/37l125fmsqjlgzg6nkv84kbq0bdfdn09-kubectl-1.30.0",
              "default": true
            },
            {
              "name": "man",
              "path": "/nix/store/vcjzq65cqyrzcfmjzsj42hrw3x45mk8s-kubectl-1.30.0-man",
              "default": true
            },
            {
              "name": "convert",
              "path": "/nix/store/6fx7d4rwmkvsbzkxl395r1y5401386yr-kubectl-1.30.0-convert"
            }
          ],
          "store_path": "/nix/store/37l125fmsqjlgzg6nkv84kbq0bdfdn09-kubectl-1.30.0"
        },
        "aarch64-linux": {
          "outputs": [
            {
              "name": "out",
              "path": "/nix/store/4a98phl70hikpm36rckavmh02fbxr4ba-kubectl-1.30.0",
              "default": true
            },
            {
              "name": "man",
              "path": "/nix/store/frcv2xncx8dch2d0yvyf7cx9l3lk1pds-kubectl-1.30.0-man",
              "default": true
            },
            {
              "name": "convert",
              "path": "/nix/store/dxjbf5vx8ssrim4c4chlfqs7xzqd9bas-kubectl-1.30.0-convert"
            }
          ],
          "store_path": "/nix/store/4a98phl70hikpm36rckavmh02fbxr4ba-kubectl-1.30.0"
        },
        "x86_64-darwin": {
          "outputs": [
            {
              "name": "out",
              "path": "/nix/store/yabjgpprg66racwfajvz1g4rxlql2pq7-kubectl-1.30.0",
              "default": true
            },
            {
              "name": "man",
              "path": "/nix/store/gnyq00gqgqb26ica11h4722fmh38rzkj-kubectl-1.30.0-man",
              "default": true
            },
            {
              "name": "convert",
              "path": "/nix/store/6mvzhx3kyyacbmlh49jlihsdxc8wkyxh-kubectl-1.30.0-convert"
            }
          ],
          "store_path": "/nix/store/yabjgpprg66racwfajvz1g4rxlql2pq7-kubectl-1.30.0"
        },
        "x86_64-linux": {
          "outputs": [
            {
              "name": "out",
              "path": "/nix/store/r5gah9impdhsi9f5hsbg32xqfqsajh90-kubectl-1.30.0",
              "default": true
            },
            {
              "name": "man",
              "path": "/nix/store/6r4jpknb24y1x83wrrind0b0h1as07a4-kubectl-1.30.0-man",
              "default": true
            },
            {
              "name": "convert",
              "path": "/nix/store/4hbqv5y1h7hw88xkjrbgr0gn8p7pwszp-kubectl-1.30.0-convert"
            }
          ],
          "store_path": "/nix/store/r5gah9impdhsi9f5hsbg32xqfqsajh90-kubectl-1.30.0"
        }
      }
    },
    "kubernetes-helm@latest": {
      "last_modified": "2024-04-19T21:36:04Z",
      "resolved": "github:NixOS/nixpkgs/92d295f588631b0db2da509f381b4fb1e74173c5#kubernetes-helm",
      "source": "devbox-search",
      "version": "3.14.4",
      "systems": {
        "aarch64-darwin": {
          "outputs": [
            {
              "name": "out",
              "path": "/nix/store/1rlaqgp0b551xzi4mi31wy2zwk3qbs4j-kubernetes-helm-3.14.4",
              "default": true
            }
          ],
          "store_path": "/nix/store/1rlaqgp0b551xzi4mi31wy2zwk3qbs4j-kubernetes-helm-3.14.4"
        },
        "aarch64-linux": {
          "outputs": [
            {
              "name": "out",
              "path": "/nix/store/jl1h7r1m77qi845ji1grrchgvcsjb7w6-kubernetes-helm-3.14.4",
              "default": true
            }
          ],
          "store_path": "/nix/store/jl1h7r1m77qi845ji1grrchgvcsjb7w6-kubernetes-helm-3.14.4"
        },
        "x86_64-darwin": {
          "outputs": [
            {
              "name": "out",
              "path": "/nix/store/hl7n59kix0bv78vgiq4irkscgyndm81h-kubernetes-helm-3.14.4",
              "default": true
            }
          ],
          "store_path": "/nix/store/hl7n59kix0bv78vgiq4irkscgyndm81h-kubernetes-helm-3.14.4"
        },
        "x86_64-linux": {
          "outputs": [
            {
              "name": "out",
              "path": "/nix/store/mg1wazgldz91y0k2nfks8w3imlpmf4k7-kubernetes-helm-3.14.4",
              "default": true
            }
          ],
          "store_path": "/nix/store/mg1wazgldz91y0k2nfks8w3imlpmf4k7-kubernetes-helm-3.14.4"
        }
      }
    },
    "kustomize@latest": {
      "last_modified": "2024-05-12T07:38:52Z",
      "resolved": "github:NixOS/nixpkgs/af8b9db5c00f1a8e4b83578acc578ff7d823b786#kustomize",
      "source": "devbox-search",
      "version": "5.4.1",
      "systems": {
        "aarch64-darwin": {
          "outputs": [
            {
              "name": "out",
              "path": "/nix/store/4h3kirkp2crn32crkkh8chhz50jjzx6r-kustomize-5.4.1",
              "default": true
            }
          ],
          "store_path": "/nix/store/4h3kirkp2crn32crkkh8chhz50jjzx6r-kustomize-5.4.1"
        },
        "aarch64-linux": {
          "outputs": [
            {
              "name": "out",
              "path": "/nix/store/3rah11rx6nzw6ym0zxr937r40qx64ms1-kustomize-5.4.1",
              "default": true
            }
          ],
          "store_path": "/nix/store/3rah11rx6nzw6ym0zxr937r40qx64ms1-kustomize-5.4.1"
        },
        "x86_64-darwin": {
          "outputs": [
            {
              "name": "out",
              "path": "/nix/store/fxf9fbsmmkrvxyd31rbgncwgfqd5n77h-kustomize-5.4.1",
              "default": true
            }
          ],
          "store_path": "/nix/store/fxf9fbsmmkrvxyd31rbgncwgfqd5n77h-kustomize-5.4.1"
        },
        "x86_64-linux": {
          "outputs": [
            {
              "name": "out",
              "path": "/nix/store/yr204ac3d51bf5m2pwd1ijmkya0wr0j2-kustomize-5.4.1",
              "default": true
            }
          ],
          "store_path": "/nix/store/yr204ac3d51bf5m2pwd1ijmkya0wr0j2-kustomize-5.4.1"
        }
      }
    },
    "nodejs_20@latest": {
      "last_modified": "2024-05-03T15:42:32Z",
      "plugin_version": "0.0.2",
      "resolved": "github:NixOS/nixpkgs/5fd8536a9a5932d4ae8de52b7dc08d92041237fc#nodejs_20",
      "source": "devbox-search",
      "version": "20.12.2",
      "systems": {
        "aarch64-darwin": {
          "outputs": [
            {
              "name": "out",
              "path": "/nix/store/844n9zrm2sindml9hvla57shgwavwyjn-nodejs-20.12.2",
              "default": true
            },
            {
              "name": "libv8",
              "path": "/nix/store/zsss2v62ff4wxbbv6zizjk6zmlhkqjzh-nodejs-20.12.2-libv8"
            }
          ],
          "store_path": "/nix/store/844n9zrm2sindml9hvla57shgwavwyjn-nodejs-20.12.2"
        },
        "aarch64-linux": {
          "outputs": [
            {
              "name": "out",
              "path": "/nix/store/4lpbv14w1bhh1z2v3sjhv9xcp05pgn2d-nodejs-20.12.2",
              "default": true
            },
            {
              "name": "libv8",
              "path": "/nix/store/lhiqlp28jmnhqibsr550yf6fqbx5c9c7-nodejs-20.12.2-libv8"
            }
          ],
          "store_path": "/nix/store/4lpbv14w1bhh1z2v3sjhv9xcp05pgn2d-nodejs-20.12.2"
        },
        "x86_64-darwin": {
          "outputs": [
            {
              "name": "out",
              "path": "/nix/store/49d07knzwmlaggcq86d98fpzqa70a2ya-nodejs-20.12.2",
              "default": true
            },
            {
              "name": "libv8",
              "path": "/nix/store/idmhy1hnfndv43ncd6yy60vdwin1nyfa-nodejs-20.12.2-libv8"
            }
          ],
          "store_path": "/nix/store/49d07knzwmlaggcq86d98fpzqa70a2ya-nodejs-20.12.2"
        },
        "x86_64-linux": {
          "outputs": [
            {
              "name": "out",
              "path": "/nix/store/71r8n7ckcpvav9qwshlr12hjd5nlchds-nodejs-20.12.2",
              "default": true
            },
            {
              "name": "libv8",
              "path": "/nix/store/zyp86pvn1l7fsw0s7kgv5iwmn14z0vg7-nodejs-20.12.2-libv8"
            }
          ],
          "store_path": "/nix/store/71r8n7ckcpvav9qwshlr12hjd5nlchds-nodejs-20.12.2"
        }
      }
    },
    "rsync@latest": {
      "last_modified": "2024-05-03T15:42:32Z",
      "resolved": "github:NixOS/nixpkgs/5fd8536a9a5932d4ae8de52b7dc08d92041237fc#rsync",
      "source": "devbox-search",
      "version": "3.3.0",
      "systems": {
        "aarch64-darwin": {
          "outputs": [
            {
              "name": "out",
              "path": "/nix/store/3iwzi1sbj5khwjj9yfrmlq1wbqzspvdc-rsync-3.3.0",
              "default": true
            }
          ],
          "store_path": "/nix/store/3iwzi1sbj5khwjj9yfrmlq1wbqzspvdc-rsync-3.3.0"
        },
        "aarch64-linux": {
          "outputs": [
            {
              "name": "out",
              "path": "/nix/store/wfdxpqg2cmyy84r32y6x2aklbzg6vv6f-rsync-3.3.0",
              "default": true
            }
          ],
          "store_path": "/nix/store/wfdxpqg2cmyy84r32y6x2aklbzg6vv6f-rsync-3.3.0"
        },
        "x86_64-darwin": {
          "outputs": [
            {
              "name": "out",
              "path": "/nix/store/7vil24948vb9vfxrfn8zhp1rgl7fmc0k-rsync-3.3.0",
              "default": true
            }
          ],
          "store_path": "/nix/store/7vil24948vb9vfxrfn8zhp1rgl7fmc0k-rsync-3.3.0"
        },
        "x86_64-linux": {
          "outputs": [
            {
              "name": "out",
              "path": "/nix/store/s6x8wlkxwwyp5shck81f44jvdlp5bh5j-rsync-3.3.0",
              "default": true
            }
          ],
          "store_path": "/nix/store/s6x8wlkxwwyp5shck81f44jvdlp5bh5j-rsync-3.3.0"
        }
      }
    },
    "skaffold@latest": {
      "last_modified": "2024-05-03T15:42:32Z",
      "resolved": "github:NixOS/nixpkgs/5fd8536a9a5932d4ae8de52b7dc08d92041237fc#skaffold",
      "source": "devbox-search",
      "version": "2.11.0",
      "systems": {
        "aarch64-darwin": {
          "outputs": [
            {
              "name": "out",
              "path": "/nix/store/8fw2nki523sdcrz0ghl2wg1wby0nahqr-skaffold-2.11.0",
              "default": true
            }
          ],
          "store_path": "/nix/store/8fw2nki523sdcrz0ghl2wg1wby0nahqr-skaffold-2.11.0"
        },
        "aarch64-linux": {
          "outputs": [
            {
              "name": "out",
              "path": "/nix/store/7mshpydrv40ad3sy55prdniim6q3ziqx-skaffold-2.11.0",
              "default": true
            }
          ],
          "store_path": "/nix/store/7mshpydrv40ad3sy55prdniim6q3ziqx-skaffold-2.11.0"
        },
        "x86_64-darwin": {
          "outputs": [
            {
              "name": "out",
              "path": "/nix/store/1m2v2w6597k54vfgbcsfagjvnw6qd2ag-skaffold-2.11.0",
              "default": true
            }
          ],
          "store_path": "/nix/store/1m2v2w6597k54vfgbcsfagjvnw6qd2ag-skaffold-2.11.0"
        },
        "x86_64-linux": {
          "outputs": [
            {
              "name": "out",
              "path": "/nix/store/w2c2pi7nnsngdwpn63sqdhpqrz38clnq-skaffold-2.11.0",
              "default": true
            }
          ],
          "store_path": "/nix/store/w2c2pi7nnsngdwpn63sqdhpqrz38clnq-skaffold-2.11.0"
        }
      }
    },
    "tree@latest": {
      "last_modified": "2024-05-10T04:49:03Z",
      "resolved": "github:NixOS/nixpkgs/c669412a552f31c45adad47894e7fd6a8698e53f#tree",
      "source": "devbox-search",
      "version": "2.1.1",
      "systems": {
        "aarch64-darwin": {
          "outputs": [
            {
              "name": "out",
              "path": "/nix/store/gnbjk2daf8x03l8g4if9n1h04875fr33-tree-2.1.1",
              "default": true
            }
          ],
          "store_path": "/nix/store/gnbjk2daf8x03l8g4if9n1h04875fr33-tree-2.1.1"
        },
        "aarch64-linux": {
          "outputs": [
            {
              "name": "out",
              "path": "/nix/store/a432mghgf90z69mkqclqvvb4mqvf44af-tree-2.1.1",
              "default": true
            }
          ],
          "store_path": "/nix/store/a432mghgf90z69mkqclqvvb4mqvf44af-tree-2.1.1"
        },
        "x86_64-darwin": {
          "outputs": [
            {
              "name": "out",
              "path": "/nix/store/78qqfl83kcj22l52kbbkv8dw441w2w0x-tree-2.1.1",
              "default": true
            }
          ],
          "store_path": "/nix/store/78qqfl83kcj22l52kbbkv8dw441w2w0x-tree-2.1.1"
        },
        "x86_64-linux": {
          "outputs": [
            {
              "name": "out",
              "path": "/nix/store/izqxmqfy72hycqmdn872vpy2jf0wmiar-tree-2.1.1",
              "default": true
            }
          ],
          "store_path": "/nix/store/izqxmqfy72hycqmdn872vpy2jf0wmiar-tree-2.1.1"
        }
      }
    }
  }
}
